
Microsoft Visual Studio Solution File, Format Version 12.00
Project("{FAE04EC0-301F-11D3-BF4B-00C04F79EFBC}") = "BeestjeOpJeFeestje", "BeestjeOpJeFeestje\BeestjeOpJeFeestje.csproj", "{1F32F0BF-361E-4877-8DA6-2C23E678D422}"
EndProject
Project("{FAE04EC0-301F-11D3-BF4B-00C04F79EFBC}") = "BeestjeOpJeFeestje.Repository", "BeestjeOpJeFeestje.Repository\BeestjeOpJeFeestje.Repository.csproj", "{57EA5CAD-9656-41F1-84C9-37003421C704}"
EndProject
Global
	GlobalSection(SolutionConfigurationPlatforms) = preSolution
		Debug|Any CPU = Debug|Any CPU
		Release|Any CPU = Release|Any CPU
	EndGlobalSection
	GlobalSection(ProjectConfigurationPlatforms) = postSolution
		{1F32F0BF-361E-4877-8DA6-2C23E678D422}.Debug|Any CPU.ActiveCfg = Debug|Any CPU
		{1F32F0BF-361E-4877-8DA6-2C23E678D422}.Debug|Any CPU.Build.0 = Debug|Any CPU
		{1F32F0BF-361E-4877-8DA6-2C23E678D422}.Release|Any CPU.ActiveCfg = Release|Any CPU
		{1F32F0BF-361E-4877-8DA6-2C23E678D422}.Release|Any CPU.Build.0 = Release|Any CPU
		{57EA5CAD-9656-41F1-84C9-37003421C704}.Debug|Any CPU.ActiveCfg = Debug|Any CPU
		{57EA5CAD-9656-41F1-84C9-37003421C704}.Debug|Any CPU.Build.0 = Debug|Any CPU
		{57EA5CAD-9656-41F1-84C9-37003421C704}.Release|Any CPU.ActiveCfg = Release|Any CPU
		{57EA5CAD-9656-41F1-84C9-37003421C704}.Release|Any CPU.Build.0 = Release|Any CPU
	EndGlobalSection
EndGlobal
